// !$*UTF8*$!
{
	archiveVersion = 1;
	classes = {
	};
	objectVersion = 56;
	objects = {

/* Begin PBXBuildFile section */
		6F3B1CB92A549DC900B1A351 /* ManuTableViewController.swift in Sources */ = {isa = PBXBuildFile; fileRef = 6F3B1CB82A549DC900B1A351 /* ManuTableViewController.swift */; };
		6F3B1CBD2A54B11700B1A351 /* SList.strings in Resources */ = {isa = PBXBuildFile; fileRef = 6F3B1CBC2A54B11700B1A351 /* SList.strings */; };
		6F3B1CBF2A55610300B1A351 /* Model.swift in Sources */ = {isa = PBXBuildFile; fileRef = 6F3B1CBE2A55610300B1A351 /* Model.swift */; };
		6F3B1CC12A5562F900B1A351 /* DataManager.swift in Sources */ = {isa = PBXBuildFile; fileRef = 6F3B1CC02A5562F900B1A351 /* DataManager.swift */; };
		6FA87EE429B61856002F7FA6 /* AppDelegate.swift in Sources */ = {isa = PBXBuildFile; fileRef = 6FA87EE329B61856002F7FA6 /* AppDelegate.swift */; };
		6FA87EE629B61856002F7FA6 /* SceneDelegate.swift in Sources */ = {isa = PBXBuildFile; fileRef = 6FA87EE529B61856002F7FA6 /* SceneDelegate.swift */; };
		6FA87EE829B61856002F7FA6 /* ViewController.swift in Sources */ = {isa = PBXBuildFile; fileRef = 6FA87EE729B61856002F7FA6 /* ViewController.swift */; };
		6FA87EEB29B61856002F7FA6 /* Main.storyboard in Resources */ = {isa = PBXBuildFile; fileRef = 6FA87EE929B61856002F7FA6 /* Main.storyboard */; };
		6FA87EED29B61858002F7FA6 /* Assets.xcassets in Resources */ = {isa = PBXBuildFile; fileRef = 6FA87EEC29B61858002F7FA6 /* Assets.xcassets */; };
		6FA87EF029B61858002F7FA6 /* LaunchScreen.storyboard in Resources */ = {isa = PBXBuildFile; fileRef = 6FA87EEE29B61858002F7FA6 /* LaunchScreen.storyboard */; };
/* End PBXBuildFile section */

/* Begin PBXFileReference section */
		6F3B1CB82A549DC900B1A351 /* ManuTableViewController.swift */ = {isa = PBXFileReference; lastKnownFileType = sourcecode.swift; path = ManuTableViewController.swift; sourceTree = "<group>"; };
		6F3B1CBC2A54B11700B1A351 /* SList.strings */ = {isa = PBXFileReference; lastKnownFileType = text.plist.strings; path = SList.strings; sourceTree = "<group>"; };
		6F3B1CBE2A55610300B1A351 /* Model.swift */ = {isa = PBXFileReference; lastKnownFileType = sourcecode.swift; path = Model.swift; sourceTree = "<group>"; };
		6F3B1CC02A5562F900B1A351 /* DataManager.swift */ = {isa = PBXFileReference; lastKnownFileType = sourcecode.swift; path = DataManager.swift; sourceTree = "<group>"; };
		6FA87EE029B61856002F7FA6 /* testAPIApp.app */ = {isa = PBXFileReference; explicitFileType = wrapper.application; includeInIndex = 0; path = testAPIApp.app; sourceTree = BUILT_PRODUCTS_DIR; };
		6FA87EE329B61856002F7FA6 /* AppDelegate.swift */ = {isa = PBXFileReference; lastKnownFileType = sourcecode.swift; path = AppDelegate.swift; sourceTree = "<group>"; };
		6FA87EE529B61856002F7FA6 /* SceneDelegate.swift */ = {isa = PBXFileReference; lastKnownFileType = sourcecode.swift; path = SceneDelegate.swift; sourceTree = "<group>"; };
		6FA87EE729B61856002F7FA6 /* ViewController.swift */ = {isa = PBXFileReference; lastKnownFileType = sourcecode.swift; path = ViewController.swift; sourceTree = "<group>"; };
		6FA87EEA29B61856002F7FA6 /* Base */ = {isa = PBXFileReference; lastKnownFileType = file.storyboard; name = Base; path = Base.lproj/Main.storyboard; sourceTree = "<group>"; };
		6FA87EEC29B61858002F7FA6 /* Assets.xcassets */ = {isa = PBXFileReference; lastKnownFileType = folder.assetcatalog; path = Assets.xcassets; sourceTree = "<group>"; };
		6FA87EEF29B61858002F7FA6 /* Base */ = {isa = PBXFileReference; lastKnownFileType = file.storyboard; name = Base; path = Base.lproj/LaunchScreen.storyboard; sourceTree = "<group>"; };
		6FA87EF129B61858002F7FA6 /* Info.plist */ = {isa = PBXFileReference; lastKnownFileType = text.plist.xml; path = Info.plist; sourceTree = "<group>"; };
		6FD9038E2A55911200094FAA /* testAPIApp.xctestplan */ = {isa = PBXFileReference; lastKnownFileType = text; path = testAPIApp.xctestplan; sourceTree = "<group>"; };
/* End PBXFileReference section */

/* Begin PBXFrameworksBuildPhase section */
		6FA87EDD29B61856002F7FA6 /* Frameworks */ = {
			isa = PBXFrameworksBuildPhase;
			buildActionMask = 2147483647;
			files = (
			);
			runOnlyForDeploymentPostprocessing = 0;
		};
/* End PBXFrameworksBuildPhase section */

/* Begin PBXGroup section */
		6FA87ED729B61856002F7FA6 = {
			isa = PBXGroup;
			children = (
				6FD9038E2A55911200094FAA /* testAPIApp.xctestplan */,
				6FA87EE229B61856002F7FA6 /* testAPIApp */,
				6FA87EE129B61856002F7FA6 /* Products */,
			);
			sourceTree = "<group>";
		};
		6FA87EE129B61856002F7FA6 /* Products */ = {
			isa = PBXGroup;
			children = (
				6FA87EE029B61856002F7FA6 /* testAPIApp.app */,
			);
			name = Products;
			sourceTree = "<group>";
		};
		6FA87EE229B61856002F7FA6 /* testAPIApp */ = {
			isa = PBXGroup;
			children = (
				6FA87EE329B61856002F7FA6 /* AppDelegate.swift */,
				6FA87EE529B61856002F7FA6 /* SceneDelegate.swift */,
				6F3B1CB82A549DC900B1A351 /* ManuTableViewController.swift */,
				6FA87EE729B61856002F7FA6 /* ViewController.swift */,
				6FA87EEC29B61858002F7FA6 /* Assets.xcassets */,
				6FA87EF129B61858002F7FA6 /* Info.plist */,
				6F3B1CBE2A55610300B1A351 /* Model.swift */,
				6F3B1CC02A5562F900B1A351 /* DataManager.swift */,
				6F3B1CBC2A54B11700B1A351 /* SList.strings */,
				6FA87EE929B61856002F7FA6 /* Main.storyboard */,
				6FA87EEE29B61858002F7FA6 /* LaunchScreen.storyboard */,
			);
			path = testAPIApp;
			sourceTree = "<group>";
		};
/* End PBXGroup section */

/* Begin PBXNativeTarget section */
		6FA87EDF29B61856002F7FA6 /* testAPIApp */ = {
			isa = PBXNativeTarget;
			buildConfigurationList = 6FA87EF429B61858002F7FA6 /* Build configuration list for PBXNativeTarget "testAPIApp" */;
			buildPhases = (
				6FA87EDC29B61856002F7FA6 /* Sources */,
				6FA87EDD29B61856002F7FA6 /* Frameworks */,
				6FA87EDE29B61856002F7FA6 /* Resources */,
			);
			buildRules = (
			);
			dependencies = (
			);
			name = testAPIApp;
			productName = testAPIApp;
			productReference = 6FA87EE029B61856002F7FA6 /* testAPIApp.app */;
			productType = "com.apple.product-type.application";
		};
/* End PBXNativeTarget section */

/* Begin PBXProject section */
		6FA87ED829B61856002F7FA6 /* Project object */ = {
			isa = PBXProject;
			attributes = {
				BuildIndependentTargetsInParallel = 1;
				LastSwiftUpdateCheck = 1420;
				LastUpgradeCheck = 1420;
				TargetAttributes = {
					6FA87EDF29B61856002F7FA6 = {
						CreatedOnToolsVersion = 14.2;
					};
				};
			};
			buildConfigurationList = 6FA87EDB29B61856002F7FA6 /* Build configuration list for PBXProject "testAPIApp" */;
			compatibilityVersion = "Xcode 14.0";
			developmentRegion = en;
			hasScannedForEncodings = 0;
			knownRegions = (
				en,
				Base,
			);
			mainGroup = 6FA87ED729B61856002F7FA6;
			productRefGroup = 6FA87EE129B61856002F7FA6 /* Products */;
			projectDirPath = "";
			projectRoot = "";
			targets = (
				6FA87EDF29B61856002F7FA6 /* testAPIApp */,
			);
		};
/* End PBXProject section */

/* Begin PBXResourcesBuildPhase section */
		6FA87EDE29B61856002F7FA6 /* Resources */ = {
			isa = PBXResourcesBuildPhase;
			buildActionMask = 2147483647;
			files = (
				6F3B1CBD2A54B11700B1A351 /* SList.strings in Resources */,
				6FA87EF029B61858002F7FA6 /* LaunchScreen.storyboard in Resources */,
				6FA87EED29B61858002F7FA6 /* Assets.xcassets in Resources */,
				6FA87EEB29B61856002F7FA6 /* Main.storyboard in Resources */,
			);
			runOnlyForDeploymentPostprocessing = 0;
		};
/* End PBXResourcesBuildPhase section */

/* Begin PBXSourcesBuildPhase section */
		6FA87EDC29B61856002F7FA6 /* Sources */ = {
			isa = PBXSourcesBuildPhase;
			buildActionMask = 2147483647;
			files = (
				6F3B1CBF2A55610300B1A351 /* Model.swift in Sources */,
				6F3B1CC12A5562F900B1A351 /* DataManager.swift in Sources */,
				6F3B1CB92A549DC900B1A351 /* ManuTableViewController.swift in Sources */,
				6FA87EE829B61856002F7FA6 /* ViewController.swift in Sources */,
				6FA87EE429B61856002F7FA6 /* AppDelegate.swift in Sources */,
				6FA87EE629B61856002F7FA6 /* SceneDelegate.swift in Sources */,
			);
			runOnlyForDeploymentPostprocessing = 0;
		};
/* End PBXSourcesBuildPhase section */

/* Begin PBXVariantGroup section */
		6FA87EE929B61856002F7FA6 /* Main.storyboard */ = {
			isa = PBXVariantGroup;
			children = (
				6FA87EEA29B61856002F7FA6 /* Base */,
			);
			name = Main.storyboard;
			sourceTree = "<group>";
		};
		6FA87EEE29B61858002F7FA6 /* LaunchScreen.storyboard */ = {
			isa = PBXVariantGroup;
			children = (
				6FA87EEF29B61858002F7FA6 /* Base */,
			);
			name = LaunchScreen.storyboard;
			sourceTree = "<group>";
		};
/* End PBXVariantGroup section */

/* Begin XCBuildConfiguration section */
		6FA87EF229B61858002F7FA6 /* Debug */ = {
			isa = XCBuildConfiguration;
			buildSettings = {
				ALWAYS_SEARCH_USER_PATHS = NO;
				CLANG_ANALYZER_NONNULL = YES;
				CLANG_ANALYZER_NUMBER_OBJECT_CONVERSION = YES_AGGRESSIVE;
				CLANG_CXX_LANGUAGE_STANDARD = "gnu++20";
				CLANG_ENABLE_MODULES = YES;
				CLANG_ENABLE_OBJC_ARC = YES;
				CLANG_ENABLE_OBJC_WEAK = YES;
				CLANG_WARN_BLOCK_CAPTURE_AUTORELEASING = YES;
				CLANG_WARN_BOOL_CONVERSION = YES;
				CLANG_WARN_COMMA = YES;
				CLANG_WARN_CONSTANT_CONVERSION = YES;
				CLANG_WARN_DEPRECATED_OBJC_IMPLEMENTATIONS = YES;
				CLANG_WARN_DIRECT_OBJC_ISA_USAGE = YES_ERROR;
				CLANG_WARN_DOCUMENTATION_COMMENTS = YES;
				CLANG_WARN_EMPTY_BODY = YES;
				CLANG_WARN_ENUM_CONVERSION = YES;
				CLANG_WARN_INFINITE_RECURSION = YES;
				CLANG_WARN_INT_CONVERSION = YES;
				CLANG_WARN_NON_LITERAL_NULL_CONVERSION = YES;
				CLANG_WARN_OBJC_IMPLICIT_RETAIN_SELF = YES;
				CLANG_WARN_OBJC_LITERAL_CONVERSION = YES;
				CLANG_WARN_OBJC_ROOT_CLASS = YES_ERROR;
				CLANG_WARN_QUOTED_INCLUDE_IN_FRAMEWORK_HEADER = YES;
				CLANG_WARN_RANGE_LOOP_ANALYSIS = YES;
				CLANG_WARN_STRICT_PROTOTYPES = YES;
				CLANG_WARN_SUSPICIOUS_MOVE = YES;
				CLANG_WARN_UNGUARDED_AVAILABILITY = YES_AGGRESSIVE;
				CLANG_WARN_UNREACHABLE_CODE = YES;
				CLANG_WARN__DUPLICATE_METHOD_MATCH = YES;
				COPY_PHASE_STRIP = NO;
				DEBUG_INFORMATION_FORMAT = dwarf;
				ENABLE_STRICT_OBJC_MSGSEND = YES;
				ENABLE_TESTABILITY = YES;
				GCC_C_LANGUAGE_STANDARD = gnu11;
				GCC_DYNAMIC_NO_PIC = NO;
				GCC_NO_COMMON_BLOCKS = YES;
				GCC_OPTIMIZATION_LEVEL = 0;
				GCC_PREPROCESSOR_DEFINITIONS = (
					"DEBUG=1",
					"$(inherited)",
				);
				GCC_WARN_64_TO_32_BIT_CONVERSION = YES;
				GCC_WARN_ABOUT_RETURN_TYPE = YES_ERROR;
				GCC_WARN_UNDECLARED_SELECTOR = YES;
				GCC_WARN_UNINITIALIZED_AUTOS = YES_AGGRESSIVE;
				GCC_WARN_UNUSED_FUNCTION = YES;
				GCC_WARN_UNUSED_VARIABLE = YES;
				IPHONEOS_DEPLOYMENT_TARGET = 16.2;
				MTL_ENABLE_DEBUG_INFO = INCLUDE_SOURCE;
				MTL_FAST_MATH = YES;
				ONLY_ACTIVE_ARCH = YES;
				SDKROOT = iphoneos;
				SWIFT_ACTIVE_COMPILATION_CONDITIONS = DEBUG;
				SWIFT_OPTIMIZATION_LEVEL = "-Onone";
			};
			name = Debug;
		};
		6FA87EF329B61858002F7FA6 /* Release */ = {
			isa = XCBuildConfiguration;
			buildSettings = {
				ALWAYS_SEARCH_USER_PATHS = NO;
				CLANG_ANALYZER_NONNULL = YES;
				CLANG_ANALYZER_NUMBER_OBJECT_CONVERSION = YES_AGGRESSIVE;
				CLANG_CXX_LANGUAGE_STANDARD = "gnu++20";
				CLANG_ENABLE_MODULES = YES;
				CLANG_ENABLE_OBJC_ARC = YES;
				CLANG_ENABLE_OBJC_WEAK = YES;
				CLANG_WARN_BLOCK_CAPTURE_AUTORELEASING = YES;
				CLANG_WARN_BOOL_CONVERSION = YES;
				CLANG_WARN_COMMA = YES;
				CLANG_WARN_CONSTANT_CONVERSION = YES;
				CLANG_WARN_DEPRECATED_OBJC_IMPLEMENTATIONS = YES;
				CLANG_WARN_DIRECT_OBJC_ISA_USAGE = YES_ERROR;
				CLANG_WARN_DOCUMENTATION_COMMENTS = YES;
				CLANG_WARN_EMPTY_BODY = YES;
				CLANG_WARN_ENUM_CONVERSION = YES;
				CLANG_WARN_INFINITE_RECURSION = YES;
				CLANG_WARN_INT_CONVERSION = YES;
				CLANG_WARN_NON_LITERAL_NULL_CONVERSION = YES;
				CLANG_WARN_OBJC_IMPLICIT_RETAIN_SELF = YES;
				CLANG_WARN_OBJC_LITERAL_CONVERSION = YES;
				CLANG_WARN_OBJC_ROOT_CLASS = YES_ERROR;
				CLANG_WARN_QUOTED_INCLUDE_IN_FRAMEWORK_HEADER = YES;
				CLANG_WARN_RANGE_LOOP_ANALYSIS = YES;
				CLANG_WARN_STRICT_PROTOTYPES = YES;
				CLANG_WARN_SUSPICIOUS_MOVE = YES;
				CLANG_WARN_UNGUARDED_AVAILABILITY = YES_AGGRESSIVE;
				CLANG_WARN_UNREACHABLE_CODE = YES;
				CLANG_WARN__DUPLICATE_METHOD_MATCH = YES;
				COPY_PHASE_STRIP = NO;
				DEBUG_INFORMATION_FORMAT = "dwarf-with-dsym";
				ENABLE_NS_ASSERTIONS = NO;
				ENABLE_STRICT_OBJC_MSGSEND = YES;
				GCC_C_LANGUAGE_STANDARD = gnu11;
				GCC_NO_COMMON_BLOCKS = YES;
				GCC_WARN_64_TO_32_BIT_CONVERSION = YES;
				GCC_WARN_ABOUT_RETURN_TYPE = YES_ERROR;
				GCC_WARN_UNDECLARED_SELECTOR = YES;
				GCC_WARN_UNINITIALIZED_AUTOS = YES_AGGRESSIVE;
				GCC_WARN_UNUSED_FUNCTION = YES;
				GCC_WARN_UNUSED_VARIABLE = YES;
				IPHONEOS_DEPLOYMENT_TARGET = 16.2;
				MTL_ENABLE_DEBUG_INFO = NO;
				MTL_FAST_MATH = YES;
				SDKROOT = iphoneos;
				SWIFT_COMPILATION_MODE = wholemodule;
				SWIFT_OPTIMIZATION_LEVEL = "-O";
				VALIDATE_PRODUCT = YES;
			};
			name = Release;
		};
		6FA87EF529B61858002F7FA6 /* Debug */ = {
			isa = XCBuildConfiguration;
			buildSettings = {
				ASSETCATALOG_COMPILER_APPICON_NAME = AppIcon;
				ASSETCATALOG_COMPILER_GLOBAL_ACCENT_COLOR_NAME = AccentColor;
				CODE_SIGN_STYLE = Automatic;
				CURRENT_PROJECT_VERSION = 1;
				DEVELOPMENT_TEAM = BH26MDT64T;
				GENERATE_INFOPLIST_FILE = YES;
				INFOPLIST_FILE = testAPIApp/Info.plist;
				INFOPLIST_KEY_CFBundleDisplayName = "VR Synagogues Storage";
				INFOPLIST_KEY_LSApplicationCategoryType = "public.app-category.travel";
				INFOPLIST_KEY_UIApplicationSupportsIndirectInputEvents = YES;
				INFOPLIST_KEY_UILaunchStoryboardName = LaunchScreen;
				INFOPLIST_KEY_UIMainStoryboardFile = Main;
				INFOPLIST_KEY_UIRequiresFullScreen = YES;
				INFOPLIST_KEY_UISupportedInterfaceOrientations = UIInterfaceOrientationPortrait;
				IPHONEOS_DEPLOYMENT_TARGET = 14.0;
				LD_RUNPATH_SEARCH_PATHS = (
					"$(inherited)",
					"@executable_path/Frameworks",
				);
				MARKETING_VERSION = 1.0;
				PRODUCT_BUNDLE_IDENTIFIER = test.testAPIApp;
				PRODUCT_NAME = "$(TARGET_NAME)";
				SWIFT_EMIT_LOC_STRINGS = YES;
				SWIFT_VERSION = 5.0;
				TARGETED_DEVICE_FAMILY = "1,2";
			};
			name = Debug;
		};
		6FA87EF629B61858002F7FA6 /* Release */ = {
			isa = XCBuildConfiguration;
			buildSettings = {
				ASSETCATALOG_COMPILER_APPICON_NAME = AppIcon;
				ASSETCATALOG_COMPILER_GLOBAL_ACCENT_COLOR_NAME = AccentColor;
				CODE_SIGN_STYLE = Automatic;
				CURRENT_PROJECT_VERSION = 1;
				DEVELOPMENT_TEAM = BH26MDT64T;
				GENERATE_INFOPLIST_FILE = YES;
				INFOPLIST_FILE = testAPIApp/Info.plist;
				INFOPLIST_KEY_CFBundleDisplayName = "VR Synagogues Storage";
				INFOPLIST_KEY_LSApplicationCategoryType = "public.app-category.travel";
				INFOPLIST_KEY_UIApplicationSupportsIndirectInputEvents = YES;
				INFOPLIST_KEY_UILaunchStoryboardName = LaunchScreen;
				INFOPLIST_KEY_UIMainStoryboardFile = Main;
				INFOPLIST_KEY_UIRequiresFullScreen = YES;
				INFOPLIST_KEY_UISupportedInterfaceOrientations = UIInterfaceOrientationPortrait;
				IPHONEOS_DEPLOYMENT_TARGET = 14.0;
				LD_RUNPATH_SEARCH_PATHS = (
					"$(inherited)",
					"@executable_path/Frameworks",
				);
				MARKETING_VERSION = 1.0;
				PRODUCT_BUNDLE_IDENTIFIER = test.testAPIApp;
				PRODUCT_NAME = "$(TARGET_NAME)";
				SWIFT_EMIT_LOC_STRINGS = YES;
				SWIFT_VERSION = 5.0;
				TARGETED_DEVICE_FAMILY = "1,2";
			};
			name = Release;
		};
/* End XCBuildConfiguration section */

/* Begin XCConfigurationList section */
		6FA87EDB29B61856002F7FA6 /* Build configuration list for PBXProject "testAPIApp" */ = {
			isa = XCConfigurationList;
			buildConfigurations = (
				6FA87EF229B61858002F7FA6 /* Debug */,
				6FA87EF329B61858002F7FA6 /* Release */,
			);
			defaultConfigurationIsVisible = 0;
			defaultConfigurationName = Release;
		};
		6FA87EF429B61858002F7FA6 /* Build configuration list for PBXNativeTarget "testAPIApp" */ = {
			isa = XCConfigurationList;
			buildConfigurations = (
				6FA87EF529B61858002F7FA6 /* Debug */,
				6FA87EF629B61858002F7FA6 /* Release */,
			);
			defaultConfigurationIsVisible = 0;
			defaultConfigurationName = Release;
		};
/* End XCConfigurationList section */
	};
	rootObject = 6FA87ED829B61856002F7FA6 /* Project object */;
}
